
Microsoft Visual Studio Solution File, Format Version 11.00
# Visual Studio 2010
Project("{FAE04EC0-301F-11D3-BF4B-00C04F79EFBC}") = "DrowningTanker", "Assembly-CSharp-firstpass.csproj", "{476536C8-2F20-E893-4584-1CE7ECA2360C}"
EndProject
Project("{FAE04EC0-301F-11D3-BF4B-00C04F79EFBC}") = "DrowningTanker", "Assembly-CSharp.csproj", "{31DAE6AB-6FC8-EF4E-8C86-B22BEED4FD6F}"
EndProject
Project("{FAE04EC0-301F-11D3-BF4B-00C04F79EFBC}") = "DrowningTanker", "Assembly-CSharp-Editor.csproj", "{347BF30D-D2B0-362C-9A92-D60D2FD69332}"
EndProject
Global
	GlobalSection(SolutionConfigurationPlatforms) = preSolution
		Debug|Any CPU = Debug|Any CPU
		Release|Any CPU = Release|Any CPU
	EndGlobalSection
	GlobalSection(ProjectConfigurationPlatforms) = postSolution
		{476536C8-2F20-E893-4584-1CE7ECA2360C}.Debug|Any CPU.ActiveCfg = Debug|Any CPU
		{476536C8-2F20-E893-4584-1CE7ECA2360C}.Debug|Any CPU.Build.0 = Debug|Any CPU
		{476536C8-2F20-E893-4584-1CE7ECA2360C}.Release|Any CPU.ActiveCfg = Release|Any CPU
		{476536C8-2F20-E893-4584-1CE7ECA2360C}.Release|Any CPU.Build.0 = Release|Any CPU
		{31DAE6AB-6FC8-EF4E-8C86-B22BEED4FD6F}.Debug|Any CPU.ActiveCfg = Debug|Any CPU
		{31DAE6AB-6FC8-EF4E-8C86-B22BEED4FD6F}.Debug|Any CPU.Build.0 = Debug|Any CPU
		{31DAE6AB-6FC8-EF4E-8C86-B22BEED4FD6F}.Release|Any CPU.ActiveCfg = Release|Any CPU
		{31DAE6AB-6FC8-EF4E-8C86-B22BEED4FD6F}.Release|Any CPU.Build.0 = Release|Any CPU
		{347BF30D-D2B0-362C-9A92-D60D2FD69332}.Debug|Any CPU.ActiveCfg = Debug|Any CPU
		{347BF30D-D2B0-362C-9A92-D60D2FD69332}.Debug|Any CPU.Build.0 = Debug|Any CPU
		{347BF30D-D2B0-362C-9A92-D60D2FD69332}.Release|Any CPU.ActiveCfg = Release|Any CPU
		{347BF30D-D2B0-362C-9A92-D60D2FD69332}.Release|Any CPU.Build.0 = Release|Any CPU
	EndGlobalSection
	GlobalSection(SolutionProperties) = preSolution
		HideSolutionNode = FALSE
	EndGlobalSection
	GlobalSection(MonoDevelopProperties) = preSolution
		StartupItem = Assembly-CSharp.csproj
	EndGlobalSection
EndGlobal
